// !$*UTF8*$!
{
	archiveVersion = 1;
	classes = {
	};
	objectVersion = 46;
	objects = {

/* Begin PBXBuildFile section */
		3DA6A0C51556C9CF00B2A97D /* UIKit.framework in Frameworks */ = {isa = PBXBuildFile; fileRef = 3DA6A0C41556C9CF00B2A97D /* UIKit.framework */; };
		3DA6A0C71556C9CF00B2A97D /* Foundation.framework in Frameworks */ = {isa = PBXBuildFile; fileRef = 3DA6A0C61556C9CF00B2A97D /* Foundation.framework */; };
		3DA6A0C91556C9CF00B2A97D /* CoreGraphics.framework in Frameworks */ = {isa = PBXBuildFile; fileRef = 3DA6A0C81556C9CF00B2A97D /* CoreGraphics.framework */; };
		3DA6A0CF1556C9CF00B2A97D /* InfoPlist.strings in Resources */ = {isa = PBXBuildFile; fileRef = 3DA6A0CD1556C9CF00B2A97D /* InfoPlist.strings */; };
		3DA6A0D11556C9CF00B2A97D /* main.m in Sources */ = {isa = PBXBuildFile; fileRef = 3DA6A0D01556C9CF00B2A97D /* main.m */; };
		3DA6A0D51556C9CF00B2A97D /* AppDelegate.m in Sources */ = {isa = PBXBuildFile; fileRef = 3DA6A0D41556C9CF00B2A97D /* AppDelegate.m */; };
		3DA6A0D81556C9CF00B2A97D /* MainStoryboard.storyboard in Resources */ = {isa = PBXBuildFile; fileRef = 3DA6A0D61556C9CF00B2A97D /* MainStoryboard.storyboard */; };
		3DA6A0DB1556C9CF00B2A97D /* FirstViewController.m in Sources */ = {isa = PBXBuildFile; fileRef = 3DA6A0DA1556C9CF00B2A97D /* FirstViewController.m */; };
		3DA6A0DD1556C9CF00B2A97D /* first.png in Resources */ = {isa = PBXBuildFile; fileRef = 3DA6A0DC1556C9CF00B2A97D /* first.png */; };
		3DA6A0DF1556C9CF00B2A97D /* first@2x.png in Resources */ = {isa = PBXBuildFile; fileRef = 3DA6A0DE1556C9CF00B2A97D /* first@2x.png */; };
		3DA6A0E21556C9CF00B2A97D /* SecondViewController.m in Sources */ = {isa = PBXBuildFile; fileRef = 3DA6A0E11556C9CF00B2A97D /* SecondViewController.m */; };
		3DA6A0E41556C9CF00B2A97D /* second.png in Resources */ = {isa = PBXBuildFile; fileRef = 3DA6A0E31556C9CF00B2A97D /* second.png */; };
		3DA6A0E61556C9CF00B2A97D /* second@2x.png in Resources */ = {isa = PBXBuildFile; fileRef = 3DA6A0E51556C9CF00B2A97D /* second@2x.png */; };
/* End PBXBuildFile section */

/* Begin PBXFileReference section */
		3DA6A0C01556C9CF00B2A97D /* SXPark.app */ = {isa = PBXFileReference; explicitFileType = wrapper.application; includeInIndex = 0; path = SXPark.app; sourceTree = BUILT_PRODUCTS_DIR; };
		3DA6A0C41556C9CF00B2A97D /* UIKit.framework */ = {isa = PBXFileReference; lastKnownFileType = wrapper.framework; name = UIKit.framework; path = System/Library/Frameworks/UIKit.framework; sourceTree = SDKROOT; };
		3DA6A0C61556C9CF00B2A97D /* Foundation.framework */ = {isa = PBXFileReference; lastKnownFileType = wrapper.framework; name = Foundation.framework; path = System/Library/Frameworks/Foundation.framework; sourceTree = SDKROOT; };
		3DA6A0C81556C9CF00B2A97D /* CoreGraphics.framework */ = {isa = PBXFileReference; lastKnownFileType = wrapper.framework; name = CoreGraphics.framework; path = System/Library/Frameworks/CoreGraphics.framework; sourceTree = SDKROOT; };
		3DA6A0CC1556C9CF00B2A97D /* SXPark-Info.plist */ = {isa = PBXFileReference; lastKnownFileType = text.plist.xml; path = "SXPark-Info.plist"; sourceTree = "<group>"; };
		3DA6A0CE1556C9CF00B2A97D /* en */ = {isa = PBXFileReference; lastKnownFileType = text.plist.strings; name = en; path = en.lproj/InfoPlist.strings; sourceTree = "<group>"; };
		3DA6A0D01556C9CF00B2A97D /* main.m */ = {isa = PBXFileReference; lastKnownFileType = sourcecode.c.objc; path = main.m; sourceTree = "<group>"; };
		3DA6A0D21556C9CF00B2A97D /* SXPark-Prefix.pch */ = {isa = PBXFileReference; lastKnownFileType = sourcecode.c.h; path = "SXPark-Prefix.pch"; sourceTree = "<group>"; };
		3DA6A0D31556C9CF00B2A97D /* AppDelegate.h */ = {isa = PBXFileReference; lastKnownFileType = sourcecode.c.h; path = AppDelegate.h; sourceTree = "<group>"; };
		3DA6A0D41556C9CF00B2A97D /* AppDelegate.m */ = {isa = PBXFileReference; lastKnownFileType = sourcecode.c.objc; path = AppDelegate.m; sourceTree = "<group>"; };
		3DA6A0D71556C9CF00B2A97D /* en */ = {isa = PBXFileReference; lastKnownFileType = file.storyboard; name = en; path = en.lproj/MainStoryboard.storyboard; sourceTree = "<group>"; };
		3DA6A0D91556C9CF00B2A97D /* FirstViewController.h */ = {isa = PBXFileReference; lastKnownFileType = sourcecode.c.h; path = FirstViewController.h; sourceTree = "<group>"; };
		3DA6A0DA1556C9CF00B2A97D /* FirstViewController.m */ = {isa = PBXFileReference; lastKnownFileType = sourcecode.c.objc; path = FirstViewController.m; sourceTree = "<group>"; };
		3DA6A0DC1556C9CF00B2A97D /* first.png */ = {isa = PBXFileReference; lastKnownFileType = image.png; path = first.png; sourceTree = "<group>"; };
		3DA6A0DE1556C9CF00B2A97D /* first@2x.png */ = {isa = PBXFileReference; lastKnownFileType = image.png; path = "first@2x.png"; sourceTree = "<group>"; };
		3DA6A0E01556C9CF00B2A97D /* SecondViewController.h */ = {isa = PBXFileReference; lastKnownFileType = sourcecode.c.h; path = SecondViewController.h; sourceTree = "<group>"; };
		3DA6A0E11556C9CF00B2A97D /* SecondViewController.m */ = {isa = PBXFileReference; lastKnownFileType = sourcecode.c.objc; path = SecondViewController.m; sourceTree = "<group>"; };
		3DA6A0E31556C9CF00B2A97D /* second.png */ = {isa = PBXFileReference; lastKnownFileType = image.png; path = second.png; sourceTree = "<group>"; };
		3DA6A0E51556C9CF00B2A97D /* second@2x.png */ = {isa = PBXFileReference; lastKnownFileType = image.png; path = "second@2x.png"; sourceTree = "<group>"; };
/* End PBXFileReference section */

/* Begin PBXFrameworksBuildPhase section */
		3DA6A0BD1556C9CF00B2A97D /* Frameworks */ = {
			isa = PBXFrameworksBuildPhase;
			buildActionMask = 2147483647;
			files = (
				3DA6A0C51556C9CF00B2A97D /* UIKit.framework in Frameworks */,
				3DA6A0C71556C9CF00B2A97D /* Foundation.framework in Frameworks */,
				3DA6A0C91556C9CF00B2A97D /* CoreGraphics.framework in Frameworks */,
			);
			runOnlyForDeploymentPostprocessing = 0;
		};
/* End PBXFrameworksBuildPhase section */

/* Begin PBXGroup section */
		3DA6A0B51556C9CF00B2A97D = {
			isa = PBXGroup;
			children = (
				3DA6A0CA1556C9CF00B2A97D /* SXPark */,
				3DA6A0C31556C9CF00B2A97D /* Frameworks */,
				3DA6A0C11556C9CF00B2A97D /* Products */,
			);
			sourceTree = "<group>";
		};
		3DA6A0C11556C9CF00B2A97D /* Products */ = {
			isa = PBXGroup;
			children = (
				3DA6A0C01556C9CF00B2A97D /* SXPark.app */,
			);
			name = Products;
			sourceTree = "<group>";
		};
		3DA6A0C31556C9CF00B2A97D /* Frameworks */ = {
			isa = PBXGroup;
			children = (
				3DA6A0C41556C9CF00B2A97D /* UIKit.framework */,
				3DA6A0C61556C9CF00B2A97D /* Foundation.framework */,
				3DA6A0C81556C9CF00B2A97D /* CoreGraphics.framework */,
			);
			name = Frameworks;
			sourceTree = "<group>";
		};
		3DA6A0CA1556C9CF00B2A97D /* SXPark */ = {
			isa = PBXGroup;
			children = (
				3DA6A0D31556C9CF00B2A97D /* AppDelegate.h */,
				3DA6A0D41556C9CF00B2A97D /* AppDelegate.m */,
				3DA6A0D61556C9CF00B2A97D /* MainStoryboard.storyboard */,
				3DA6A0D91556C9CF00B2A97D /* FirstViewController.h */,
				3DA6A0DA1556C9CF00B2A97D /* FirstViewController.m */,
				3DA6A0DC1556C9CF00B2A97D /* first.png */,
				3DA6A0DE1556C9CF00B2A97D /* first@2x.png */,
				3DA6A0E01556C9CF00B2A97D /* SecondViewController.h */,
				3DA6A0E11556C9CF00B2A97D /* SecondViewController.m */,
				3DA6A0E31556C9CF00B2A97D /* second.png */,
				3DA6A0E51556C9CF00B2A97D /* second@2x.png */,
				3DA6A0CB1556C9CF00B2A97D /* Supporting Files */,
			);
			path = SXPark;
			sourceTree = "<group>";
		};
		3DA6A0CB1556C9CF00B2A97D /* Supporting Files */ = {
			isa = PBXGroup;
			children = (
				3DA6A0CC1556C9CF00B2A97D /* SXPark-Info.plist */,
				3DA6A0CD1556C9CF00B2A97D /* InfoPlist.strings */,
				3DA6A0D01556C9CF00B2A97D /* main.m */,
				3DA6A0D21556C9CF00B2A97D /* SXPark-Prefix.pch */,
			);
			name = "Supporting Files";
			sourceTree = "<group>";
		};
/* End PBXGroup section */

/* Begin PBXNativeTarget section */
		3DA6A0BF1556C9CF00B2A97D /* SXPark */ = {
			isa = PBXNativeTarget;
			buildConfigurationList = 3DA6A0E91556C9CF00B2A97D /* Build configuration list for PBXNativeTarget "SXPark" */;
			buildPhases = (
				3DA6A0BC1556C9CF00B2A97D /* Sources */,
				3DA6A0BD1556C9CF00B2A97D /* Frameworks */,
				3DA6A0BE1556C9CF00B2A97D /* Resources */,
			);
			buildRules = (
			);
			dependencies = (
			);
			name = SXPark;
			productName = SXPark;
			productReference = 3DA6A0C01556C9CF00B2A97D /* SXPark.app */;
			productType = "com.apple.product-type.application";
		};
/* End PBXNativeTarget section */

/* Begin PBXProject section */
		3DA6A0B71556C9CF00B2A97D /* Project object */ = {
			isa = PBXProject;
			attributes = {
				LastUpgradeCheck = 0430;
				ORGANIZATIONNAME = "绍兴振华阳光信息技术有限公司";
			};
			buildConfigurationList = 3DA6A0BA1556C9CF00B2A97D /* Build configuration list for PBXProject "SXPark" */;
			compatibilityVersion = "Xcode 3.2";
			developmentRegion = English;
			hasScannedForEncodings = 0;
			knownRegions = (
				en,
			);
			mainGroup = 3DA6A0B51556C9CF00B2A97D;
			productRefGroup = 3DA6A0C11556C9CF00B2A97D /* Products */;
			projectDirPath = "";
			projectRoot = "";
			targets = (
				3DA6A0BF1556C9CF00B2A97D /* SXPark */,
			);
		};
/* End PBXProject section */

/* Begin PBXResourcesBuildPhase section */
		3DA6A0BE1556C9CF00B2A97D /* Resources */ = {
			isa = PBXResourcesBuildPhase;
			buildActionMask = 2147483647;
			files = (
				3DA6A0CF1556C9CF00B2A97D /* InfoPlist.strings in Resources */,
				3DA6A0D81556C9CF00B2A97D /* MainStoryboard.storyboard in Resources */,
				3DA6A0DD1556C9CF00B2A97D /* first.png in Resources */,
				3DA6A0DF1556C9CF00B2A97D /* first@2x.png in Resources */,
				3DA6A0E41556C9CF00B2A97D /* second.png in Resources */,
				3DA6A0E61556C9CF00B2A97D /* second@2x.png in Resources */,
			);
			runOnlyForDeploymentPostprocessing = 0;
		};
/* End PBXResourcesBuildPhase section */

/* Begin PBXSourcesBuildPhase section */
		3DA6A0BC1556C9CF00B2A97D /* Sources */ = {
			isa = PBXSourcesBuildPhase;
			buildActionMask = 2147483647;
			files = (
				3DA6A0D11556C9CF00B2A97D /* main.m in Sources */,
				3DA6A0D51556C9CF00B2A97D /* AppDelegate.m in Sources */,
				3DA6A0DB1556C9CF00B2A97D /* FirstViewController.m in Sources */,
				3DA6A0E21556C9CF00B2A97D /* SecondViewController.m in Sources */,
			);
			runOnlyForDeploymentPostprocessing = 0;
		};
/* End PBXSourcesBuildPhase section */

/* Begin PBXVariantGroup section */
		3DA6A0CD1556C9CF00B2A97D /* InfoPlist.strings */ = {
			isa = PBXVariantGroup;
			children = (
				3DA6A0CE1556C9CF00B2A97D /* en */,
			);
			name = InfoPlist.strings;
			sourceTree = "<group>";
		};
		3DA6A0D61556C9CF00B2A97D /* MainStoryboard.storyboard */ = {
			isa = PBXVariantGroup;
			children = (
				3DA6A0D71556C9CF00B2A97D /* en */,
			);
			name = MainStoryboard.storyboard;
			sourceTree = "<group>";
		};
/* End PBXVariantGroup section */

/* Begin XCBuildConfiguration section */
		3DA6A0E71556C9CF00B2A97D /* Debug */ = {
			isa = XCBuildConfiguration;
			buildSettings = {
				ALWAYS_SEARCH_USER_PATHS = NO;
				ARCHS = "$(ARCHS_STANDARD_32_BIT)";
				"CODE_SIGN_IDENTITY[sdk=iphoneos*]" = "iPhone Developer";
				COPY_PHASE_STRIP = NO;
				GCC_C_LANGUAGE_STANDARD = gnu99;
				GCC_DYNAMIC_NO_PIC = NO;
				GCC_OPTIMIZATION_LEVEL = 0;
				GCC_PREPROCESSOR_DEFINITIONS = (
					"DEBUG=1",
					"$(inherited)",
				);
				GCC_SYMBOLS_PRIVATE_EXTERN = NO;
				GCC_VERSION = com.apple.compilers.llvm.clang.1_0;
				GCC_WARN_ABOUT_RETURN_TYPE = YES;
				GCC_WARN_UNINITIALIZED_AUTOS = YES;
				GCC_WARN_UNUSED_VARIABLE = YES;
				IPHONEOS_DEPLOYMENT_TARGET = 5.1;
				SDKROOT = iphoneos;
			};
			name = Debug;
		};
		3DA6A0E81556C9CF00B2A97D /* Release */ = {
			isa = XCBuildConfiguration;
			buildSettings = {
				ALWAYS_SEARCH_USER_PATHS = NO;
				ARCHS = "$(ARCHS_STANDARD_32_BIT)";
				"CODE_SIGN_IDENTITY[sdk=iphoneos*]" = "iPhone Developer";
				COPY_PHASE_STRIP = YES;
				GCC_C_LANGUAGE_STANDARD = gnu99;
				GCC_VERSION = com.apple.compilers.llvm.clang.1_0;
				GCC_WARN_ABOUT_RETURN_TYPE = YES;
				GCC_WARN_UNINITIALIZED_AUTOS = YES;
				GCC_WARN_UNUSED_VARIABLE = YES;
				IPHONEOS_DEPLOYMENT_TARGET = 5.1;
				OTHER_CFLAGS = "-DNS_BLOCK_ASSERTIONS=1";
				SDKROOT = iphoneos;
				VALIDATE_PRODUCT = YES;
			};
			name = Release;
		};
		3DA6A0EA1556C9CF00B2A97D /* Debug */ = {
			isa = XCBuildConfiguration;
			buildSettings = {
				GCC_PRECOMPILE_PREFIX_HEADER = YES;
				GCC_PREFIX_HEADER = "SXPark/SXPark-Prefix.pch";
				INFOPLIST_FILE = "SXPark/SXPark-Info.plist";
				PRODUCT_NAME = "$(TARGET_NAME)";
				WRAPPER_EXTENSION = app;
			};
			name = Debug;
		};
		3DA6A0EB1556C9CF00B2A97D /* Release */ = {
			isa = XCBuildConfiguration;
			buildSettings = {
				GCC_PRECOMPILE_PREFIX_HEADER = YES;
				GCC_PREFIX_HEADER = "SXPark/SXPark-Prefix.pch";
				INFOPLIST_FILE = "SXPark/SXPark-Info.plist";
				PRODUCT_NAME = "$(TARGET_NAME)";
				WRAPPER_EXTENSION = app;
			};
			name = Release;
		};
/* End XCBuildConfiguration section */

/* Begin XCConfigurationList section */
		3DA6A0BA1556C9CF00B2A97D /* Build configuration list for PBXProject "SXPark" */ = {
			isa = XCConfigurationList;
			buildConfigurations = (
				3DA6A0E71556C9CF00B2A97D /* Debug */,
				3DA6A0E81556C9CF00B2A97D /* Release */,
			);
			defaultConfigurationIsVisible = 0;
			defaultConfigurationName = Release;
		};
		3DA6A0E91556C9CF00B2A97D /* Build configuration list for PBXNativeTarget "SXPark" */ = {
			isa = XCConfigurationList;
			buildConfigurations = (
				3DA6A0EA1556C9CF00B2A97D /* Debug */,
				3DA6A0EB1556C9CF00B2A97D /* Release */,
			);
			defaultConfigurationIsVisible = 0;
		};
/* End XCConfigurationList section */
	};
	rootObject = 3DA6A0B71556C9CF00B2A97D /* Project object */;
}
